
Microsoft Visual Studio Solution File, Format Version 12.00
# Visual Studio Version 16
VisualStudioVersion = 16.0.28714.193
MinimumVisualStudioVersion = 10.0.40219.1
Project("{8BC9CEB8-8B4A-11D0-8D11-00A0C91BC942}") = "Project_1", "Project_1\Project_1.vcxproj", "{EF77F92F-A5C4-4111-89C7-A780F0FD578C}"
EndProject
Project("{8BC9CEB8-8B4A-11D0-8D11-00A0C91BC942}") = "UnitTest_1", "UnitTest_1\UnitTest_1.vcxproj", "{E788CA3E-D823-40EA-87D8-549744EF83DE}"
EndProject
Project("{8BC9CEB8-8B4A-11D0-8D11-00A0C91BC942}") = "Project_2", "Project_2\Project_2.vcxproj", "{0FD11772-E8AB-4C29-8D67-16044209AB55}"
EndProject
Project("{8BC9CEB8-8B4A-11D0-8D11-00A0C91BC942}") = "UnitTest_2", "UnitTest_2\UnitTest_2.vcxproj", "{EDB615BA-33A2-4F16-AE23-D72333D97C08}"
EndProject
Project("{8BC9CEB8-8B4A-11D0-8D11-00A0C91BC942}") = "Project_3", "Project_3\Project_3.vcxproj", "{2FC506FF-9D7F-4CB7-9467-2058F92C185A}"
EndProject
Project("{8BC9CEB8-8B4A-11D0-8D11-00A0C91BC942}") = "UnitTest_3", "UnitTest_3\UnitTest_3.vcxproj", "{867B4E5A-A6E9-4973-8C7C-88CF9C990D0F}"
EndProject
Global
	GlobalSection(SolutionConfigurationPlatforms) = preSolution
		Debug|x64 = Debug|x64
		Debug|x86 = Debug|x86
		Release|x64 = Release|x64
		Release|x86 = Release|x86
	EndGlobalSection
	GlobalSection(ProjectConfigurationPlatforms) = postSolution
		{EF77F92F-A5C4-4111-89C7-A780F0FD578C}.Debug|x64.ActiveCfg = Debug|x64
		{EF77F92F-A5C4-4111-89C7-A780F0FD578C}.Debug|x64.Build.0 = Debug|x64
		{EF77F92F-A5C4-4111-89C7-A780F0FD578C}.Debug|x86.ActiveCfg = Debug|Win32
		{EF77F92F-A5C4-4111-89C7-A780F0FD578C}.Debug|x86.Build.0 = Debug|Win32
		{EF77F92F-A5C4-4111-89C7-A780F0FD578C}.Release|x64.ActiveCfg = Release|x64
		{EF77F92F-A5C4-4111-89C7-A780F0FD578C}.Release|x64.Build.0 = Release|x64
		{EF77F92F-A5C4-4111-89C7-A780F0FD578C}.Release|x86.ActiveCfg = Release|Win32
		{EF77F92F-A5C4-4111-89C7-A780F0FD578C}.Release|x86.Build.0 = Release|Win32
		{E788CA3E-D823-40EA-87D8-549744EF83DE}.Debug|x64.ActiveCfg = Debug|x64
		{E788CA3E-D823-40EA-87D8-549744EF83DE}.Debug|x64.Build.0 = Debug|x64
		{E788CA3E-D823-40EA-87D8-549744EF83DE}.Debug|x86.ActiveCfg = Debug|Win32
		{E788CA3E-D823-40EA-87D8-549744EF83DE}.Debug|x86.Build.0 = Debug|Win32
		{E788CA3E-D823-40EA-87D8-549744EF83DE}.Release|x64.ActiveCfg = Release|x64
		{E788CA3E-D823-40EA-87D8-549744EF83DE}.Release|x64.Build.0 = Release|x64
		{E788CA3E-D823-40EA-87D8-549744EF83DE}.Release|x86.ActiveCfg = Release|Win32
		{E788CA3E-D823-40EA-87D8-549744EF83DE}.Release|x86.Build.0 = Release|Win32
		{0FD11772-E8AB-4C29-8D67-16044209AB55}.Debug|x64.ActiveCfg = Debug|x64
		{0FD11772-E8AB-4C29-8D67-16044209AB55}.Debug|x64.Build.0 = Debug|x64
		{0FD11772-E8AB-4C29-8D67-16044209AB55}.Debug|x86.ActiveCfg = Debug|Win32
		{0FD11772-E8AB-4C29-8D67-16044209AB55}.Debug|x86.Build.0 = Debug|Win32
		{0FD11772-E8AB-4C29-8D67-16044209AB55}.Release|x64.ActiveCfg = Release|x64
		{0FD11772-E8AB-4C29-8D67-16044209AB55}.Release|x64.Build.0 = Release|x64
		{0FD11772-E8AB-4C29-8D67-16044209AB55}.Release|x86.ActiveCfg = Release|Win32
		{0FD11772-E8AB-4C29-8D67-16044209AB55}.Release|x86.Build.0 = Release|Win32
		{EDB615BA-33A2-4F16-AE23-D72333D97C08}.Debug|x64.ActiveCfg = Debug|x64
		{EDB615BA-33A2-4F16-AE23-D72333D97C08}.Debug|x64.Build.0 = Debug|x64
		{EDB615BA-33A2-4F16-AE23-D72333D97C08}.Debug|x86.ActiveCfg = Debug|Win32
		{EDB615BA-33A2-4F16-AE23-D72333D97C08}.Debug|x86.Build.0 = Debug|Win32
		{EDB615BA-33A2-4F16-AE23-D72333D97C08}.Release|x64.ActiveCfg = Release|x64
		{EDB615BA-33A2-4F16-AE23-D72333D97C08}.Release|x64.Build.0 = Release|x64
		{EDB615BA-33A2-4F16-AE23-D72333D97C08}.Release|x86.ActiveCfg = Release|Win32
		{EDB615BA-33A2-4F16-AE23-D72333D97C08}.Release|x86.Build.0 = Release|Win32
		{2FC506FF-9D7F-4CB7-9467-2058F92C185A}.Debug|x64.ActiveCfg = Debug|x64
		{2FC506FF-9D7F-4CB7-9467-2058F92C185A}.Debug|x64.Build.0 = Debug|x64
		{2FC506FF-9D7F-4CB7-9467-2058F92C185A}.Debug|x86.ActiveCfg = Debug|Win32
		{2FC506FF-9D7F-4CB7-9467-2058F92C185A}.Debug|x86.Build.0 = Debug|Win32
		{2FC506FF-9D7F-4CB7-9467-2058F92C185A}.Release|x64.ActiveCfg = Release|x64
		{2FC506FF-9D7F-4CB7-9467-2058F92C185A}.Release|x64.Build.0 = Release|x64
		{2FC506FF-9D7F-4CB7-9467-2058F92C185A}.Release|x86.ActiveCfg = Release|Win32
		{2FC506FF-9D7F-4CB7-9467-2058F92C185A}.Release|x86.Build.0 = Release|Win32
		{867B4E5A-A6E9-4973-8C7C-88CF9C990D0F}.Debug|x64.ActiveCfg = Debug|x64
		{867B4E5A-A6E9-4973-8C7C-88CF9C990D0F}.Debug|x64.Build.0 = Debug|x64
		{867B4E5A-A6E9-4973-8C7C-88CF9C990D0F}.Debug|x86.ActiveCfg = Debug|Win32
		{867B4E5A-A6E9-4973-8C7C-88CF9C990D0F}.Debug|x86.Build.0 = Debug|Win32
		{867B4E5A-A6E9-4973-8C7C-88CF9C990D0F}.Release|x64.ActiveCfg = Release|x64
		{867B4E5A-A6E9-4973-8C7C-88CF9C990D0F}.Release|x64.Build.0 = Release|x64
		{867B4E5A-A6E9-4973-8C7C-88CF9C990D0F}.Release|x86.ActiveCfg = Release|Win32
		{867B4E5A-A6E9-4973-8C7C-88CF9C990D0F}.Release|x86.Build.0 = Release|Win32
	EndGlobalSection
	GlobalSection(SolutionProperties) = preSolution
		HideSolutionNode = FALSE
	EndGlobalSection
	GlobalSection(ExtensibilityGlobals) = postSolution
		SolutionGuid = {F0FD9116-9DCF-4336-AB9F-A515F55279C1}
	EndGlobalSection
EndGlobal
